// !$*UTF8*$!
{
	archiveVersion = 1;
	classes = {
	};
	objectVersion = 46;
	objects = {

/* Begin PBXBuildFile section */
		9150835E1EBC4D1D000E1AC9 /* AppDelegate.swift in Sources */ = {isa = PBXBuildFile; fileRef = 9150835D1EBC4D1D000E1AC9 /* AppDelegate.swift */; };
		915083601EBC4D1D000E1AC9 /* ViewController.swift in Sources */ = {isa = PBXBuildFile; fileRef = 9150835F1EBC4D1D000E1AC9 /* ViewController.swift */; };
		915083631EBC4D1D000E1AC9 /* Main.storyboard in Resources */ = {isa = PBXBuildFile; fileRef = 915083611EBC4D1D000E1AC9 /* Main.storyboard */; };
		915083651EBC4D1D000E1AC9 /* Assets.xcassets in Resources */ = {isa = PBXBuildFile; fileRef = 915083641EBC4D1D000E1AC9 /* Assets.xcassets */; };
		915083681EBC4D1D000E1AC9 /* LaunchScreen.storyboard in Resources */ = {isa = PBXBuildFile; fileRef = 915083661EBC4D1D000E1AC9 /* LaunchScreen.storyboard */; };
		915083731EBC4D1D000E1AC9 /* gitTestTests.swift in Sources */ = {isa = PBXBuildFile; fileRef = 915083721EBC4D1D000E1AC9 /* gitTestTests.swift */; };
		9150837E1EBC4D1D000E1AC9 /* gitTestUITests.swift in Sources */ = {isa = PBXBuildFile; fileRef = 9150837D1EBC4D1D000E1AC9 /* gitTestUITests.swift */; };
/* End PBXBuildFile section */

/* Begin PBXContainerItemProxy section */
		9150836F1EBC4D1D000E1AC9 /* PBXContainerItemProxy */ = {
			isa = PBXContainerItemProxy;
			containerPortal = 915083521EBC4D1D000E1AC9 /* Project object */;
			proxyType = 1;
			remoteGlobalIDString = 915083591EBC4D1D000E1AC9;
			remoteInfo = gitTest;
		};
		9150837A1EBC4D1D000E1AC9 /* PBXContainerItemProxy */ = {
			isa = PBXContainerItemProxy;
			containerPortal = 915083521EBC4D1D000E1AC9 /* Project object */;
			proxyType = 1;
			remoteGlobalIDString = 915083591EBC4D1D000E1AC9;
			remoteInfo = gitTest;
		};
/* End PBXContainerItemProxy section */

/* Begin PBXFileReference section */
		9150835A1EBC4D1D000E1AC9 /* gitTest.app */ = {isa = PBXFileReference; explicitFileType = wrapper.application; includeInIndex = 0; path = gitTest.app; sourceTree = BUILT_PRODUCTS_DIR; };
		9150835D1EBC4D1D000E1AC9 /* AppDelegate.swift */ = {isa = PBXFileReference; lastKnownFileType = sourcecode.swift; path = AppDelegate.swift; sourceTree = "<group>"; };
		9150835F1EBC4D1D000E1AC9 /* ViewController.swift */ = {isa = PBXFileReference; lastKnownFileType = sourcecode.swift; path = ViewController.swift; sourceTree = "<group>"; };
		915083621EBC4D1D000E1AC9 /* Base */ = {isa = PBXFileReference; lastKnownFileType = file.storyboard; name = Base; path = Base.lproj/Main.storyboard; sourceTree = "<group>"; };
		915083641EBC4D1D000E1AC9 /* Assets.xcassets */ = {isa = PBXFileReference; lastKnownFileType = folder.assetcatalog; path = Assets.xcassets; sourceTree = "<group>"; };
		915083671EBC4D1D000E1AC9 /* Base */ = {isa = PBXFileReference; lastKnownFileType = file.storyboard; name = Base; path = Base.lproj/LaunchScreen.storyboard; sourceTree = "<group>"; };
		915083691EBC4D1D000E1AC9 /* Info.plist */ = {isa = PBXFileReference; lastKnownFileType = text.plist.xml; path = Info.plist; sourceTree = "<group>"; };
		9150836E1EBC4D1D000E1AC9 /* gitTestTests.xctest */ = {isa = PBXFileReference; explicitFileType = wrapper.cfbundle; includeInIndex = 0; path = gitTestTests.xctest; sourceTree = BUILT_PRODUCTS_DIR; };
		915083721EBC4D1D000E1AC9 /* gitTestTests.swift */ = {isa = PBXFileReference; lastKnownFileType = sourcecode.swift; path = gitTestTests.swift; sourceTree = "<group>"; };
		915083741EBC4D1D000E1AC9 /* Info.plist */ = {isa = PBXFileReference; lastKnownFileType = text.plist.xml; path = Info.plist; sourceTree = "<group>"; };
		915083791EBC4D1D000E1AC9 /* gitTestUITests.xctest */ = {isa = PBXFileReference; explicitFileType = wrapper.cfbundle; includeInIndex = 0; path = gitTestUITests.xctest; sourceTree = BUILT_PRODUCTS_DIR; };
		9150837D1EBC4D1D000E1AC9 /* gitTestUITests.swift */ = {isa = PBXFileReference; lastKnownFileType = sourcecode.swift; path = gitTestUITests.swift; sourceTree = "<group>"; };
		9150837F1EBC4D1D000E1AC9 /* Info.plist */ = {isa = PBXFileReference; lastKnownFileType = text.plist.xml; path = Info.plist; sourceTree = "<group>"; };
/* End PBXFileReference section */

/* Begin PBXFrameworksBuildPhase section */
		915083571EBC4D1D000E1AC9 /* Frameworks */ = {
			isa = PBXFrameworksBuildPhase;
			buildActionMask = 2147483647;
			files = (
			);
			runOnlyForDeploymentPostprocessing = 0;
		};
		9150836B1EBC4D1D000E1AC9 /* Frameworks */ = {
			isa = PBXFrameworksBuildPhase;
			buildActionMask = 2147483647;
			files = (
			);
			runOnlyForDeploymentPostprocessing = 0;
		};
		915083761EBC4D1D000E1AC9 /* Frameworks */ = {
			isa = PBXFrameworksBuildPhase;
			buildActionMask = 2147483647;
			files = (
			);
			runOnlyForDeploymentPostprocessing = 0;
		};
/* End PBXFrameworksBuildPhase section */

/* Begin PBXGroup section */
		915083511EBC4D1D000E1AC9 = {
			isa = PBXGroup;
			children = (
				9150835C1EBC4D1D000E1AC9 /* gitTest */,
				915083711EBC4D1D000E1AC9 /* gitTestTests */,
				9150837C1EBC4D1D000E1AC9 /* gitTestUITests */,
				9150835B1EBC4D1D000E1AC9 /* Products */,
			);
			sourceTree = "<group>";
		};
		9150835B1EBC4D1D000E1AC9 /* Products */ = {
			isa = PBXGroup;
			children = (
				9150835A1EBC4D1D000E1AC9 /* gitTest.app */,
				9150836E1EBC4D1D000E1AC9 /* gitTestTests.xctest */,
				915083791EBC4D1D000E1AC9 /* gitTestUITests.xctest */,
			);
			name = Products;
			sourceTree = "<group>";
		};
		9150835C1EBC4D1D000E1AC9 /* gitTest */ = {
			isa = PBXGroup;
			children = (
				9150835D1EBC4D1D000E1AC9 /* AppDelegate.swift */,
				9150835F1EBC4D1D000E1AC9 /* ViewController.swift */,
				915083611EBC4D1D000E1AC9 /* Main.storyboard */,
				915083641EBC4D1D000E1AC9 /* Assets.xcassets */,
				915083661EBC4D1D000E1AC9 /* LaunchScreen.storyboard */,
				915083691EBC4D1D000E1AC9 /* Info.plist */,
			);
			path = gitTest;
			sourceTree = "<group>";
		};
		915083711EBC4D1D000E1AC9 /* gitTestTests */ = {
			isa = PBXGroup;
			children = (
				915083721EBC4D1D000E1AC9 /* gitTestTests.swift */,
				915083741EBC4D1D000E1AC9 /* Info.plist */,
			);
			path = gitTestTests;
			sourceTree = "<group>";
		};
		9150837C1EBC4D1D000E1AC9 /* gitTestUITests */ = {
			isa = PBXGroup;
			children = (
				9150837D1EBC4D1D000E1AC9 /* gitTestUITests.swift */,
				9150837F1EBC4D1D000E1AC9 /* Info.plist */,
			);
			path = gitTestUITests;
			sourceTree = "<group>";
		};
/* End PBXGroup section */

/* Begin PBXNativeTarget section */
		915083591EBC4D1D000E1AC9 /* gitTest */ = {
			isa = PBXNativeTarget;
			buildConfigurationList = 915083821EBC4D1D000E1AC9 /* Build configuration list for PBXNativeTarget "gitTest" */;
			buildPhases = (
				915083561EBC4D1D000E1AC9 /* Sources */,
				915083571EBC4D1D000E1AC9 /* Frameworks */,
				915083581EBC4D1D000E1AC9 /* Resources */,
			);
			buildRules = (
			);
			dependencies = (
			);
			name = gitTest;
			productName = gitTest;
			productReference = 9150835A1EBC4D1D000E1AC9 /* gitTest.app */;
			productType = "com.apple.product-type.application";
		};
		9150836D1EBC4D1D000E1AC9 /* gitTestTests */ = {
			isa = PBXNativeTarget;
			buildConfigurationList = 915083851EBC4D1D000E1AC9 /* Build configuration list for PBXNativeTarget "gitTestTests" */;
			buildPhases = (
				9150836A1EBC4D1D000E1AC9 /* Sources */,
				9150836B1EBC4D1D000E1AC9 /* Frameworks */,
				9150836C1EBC4D1D000E1AC9 /* Resources */,
			);
			buildRules = (
			);
			dependencies = (
				915083701EBC4D1D000E1AC9 /* PBXTargetDependency */,
			);
			name = gitTestTests;
			productName = gitTestTests;
			productReference = 9150836E1EBC4D1D000E1AC9 /* gitTestTests.xctest */;
			productType = "com.apple.product-type.bundle.unit-test";
		};
		915083781EBC4D1D000E1AC9 /* gitTestUITests */ = {
			isa = PBXNativeTarget;
			buildConfigurationList = 915083881EBC4D1D000E1AC9 /* Build configuration list for PBXNativeTarget "gitTestUITests" */;
			buildPhases = (
				915083751EBC4D1D000E1AC9 /* Sources */,
				915083761EBC4D1D000E1AC9 /* Frameworks */,
				915083771EBC4D1D000E1AC9 /* Resources */,
			);
			buildRules = (
			);
			dependencies = (
				9150837B1EBC4D1D000E1AC9 /* PBXTargetDependency */,
			);
			name = gitTestUITests;
			productName = gitTestUITests;
			productReference = 915083791EBC4D1D000E1AC9 /* gitTestUITests.xctest */;
			productType = "com.apple.product-type.bundle.ui-testing";
		};
/* End PBXNativeTarget section */

/* Begin PBXProject section */
		915083521EBC4D1D000E1AC9 /* Project object */ = {
			isa = PBXProject;
			attributes = {
				LastSwiftUpdateCheck = 0830;
				LastUpgradeCheck = 0830;
				ORGANIZATIONNAME = joaquin.ponce;
				TargetAttributes = {
					915083591EBC4D1D000E1AC9 = {
						CreatedOnToolsVersion = 8.3.2;
						DevelopmentTeam = 29QX9KA693;
						ProvisioningStyle = Automatic;
					};
					9150836D1EBC4D1D000E1AC9 = {
						CreatedOnToolsVersion = 8.3.2;
						DevelopmentTeam = 29QX9KA693;
						ProvisioningStyle = Automatic;
						TestTargetID = 915083591EBC4D1D000E1AC9;
					};
					915083781EBC4D1D000E1AC9 = {
						CreatedOnToolsVersion = 8.3.2;
						DevelopmentTeam = 29QX9KA693;
						ProvisioningStyle = Automatic;
						TestTargetID = 915083591EBC4D1D000E1AC9;
					};
				};
			};
			buildConfigurationList = 915083551EBC4D1D000E1AC9 /* Build configuration list for PBXProject "gitTest" */;
			compatibilityVersion = "Xcode 3.2";
			developmentRegion = English;
			hasScannedForEncodings = 0;
			knownRegions = (
				en,
				Base,
			);
			mainGroup = 915083511EBC4D1D000E1AC9;
			productRefGroup = 9150835B1EBC4D1D000E1AC9 /* Products */;
			projectDirPath = "";
			projectRoot = "";
			targets = (
				915083591EBC4D1D000E1AC9 /* gitTest */,
				9150836D1EBC4D1D000E1AC9 /* gitTestTests */,
				915083781EBC4D1D000E1AC9 /* gitTestUITests */,
			);
		};
/* End PBXProject section */

/* Begin PBXResourcesBuildPhase section */
		915083581EBC4D1D000E1AC9 /* Resources */ = {
			isa = PBXResourcesBuildPhase;
			buildActionMask = 2147483647;
			files = (
				915083681EBC4D1D000E1AC9 /* LaunchScreen.storyboard in Resources */,
				915083651EBC4D1D000E1AC9 /* Assets.xcassets in Resources */,
				915083631EBC4D1D000E1AC9 /* Main.storyboard in Resources */,
			);
			runOnlyForDeploymentPostprocessing = 0;
		};
		9150836C1EBC4D1D000E1AC9 /* Resources */ = {
			isa = PBXResourcesBuildPhase;
			buildActionMask = 2147483647;
			files = (
			);
			runOnlyForDeploymentPostprocessing = 0;
		};
		915083771EBC4D1D000E1AC9 /* Resources */ = {
			isa = PBXResourcesBuildPhase;
			buildActionMask = 2147483647;
			files = (
			);
			runOnlyForDeploymentPostprocessing = 0;
		};
/* End PBXResourcesBuildPhase section */

/* Begin PBXSourcesBuildPhase section */
		915083561EBC4D1D000E1AC9 /* Sources */ = {
			isa = PBXSourcesBuildPhase;
			buildActionMask = 2147483647;
			files = (
				915083601EBC4D1D000E1AC9 /* ViewController.swift in Sources */,
				9150835E1EBC4D1D000E1AC9 /* AppDelegate.swift in Sources */,
			);
			runOnlyForDeploymentPostprocessing = 0;
		};
		9150836A1EBC4D1D000E1AC9 /* Sources */ = {
			isa = PBXSourcesBuildPhase;
			buildActionMask = 2147483647;
			files = (
				915083731EBC4D1D000E1AC9 /* gitTestTests.swift in Sources */,
			);
			runOnlyForDeploymentPostprocessing = 0;
		};
		915083751EBC4D1D000E1AC9 /* Sources */ = {
			isa = PBXSourcesBuildPhase;
			buildActionMask = 2147483647;
			files = (
				9150837E1EBC4D1D000E1AC9 /* gitTestUITests.swift in Sources */,
			);
			runOnlyForDeploymentPostprocessing = 0;
		};
/* End PBXSourcesBuildPhase section */

/* Begin PBXTargetDependency section */
		915083701EBC4D1D000E1AC9 /* PBXTargetDependency */ = {
			isa = PBXTargetDependency;
			target = 915083591EBC4D1D000E1AC9 /* gitTest */;
			targetProxy = 9150836F1EBC4D1D000E1AC9 /* PBXContainerItemProxy */;
		};
		9150837B1EBC4D1D000E1AC9 /* PBXTargetDependency */ = {
			isa = PBXTargetDependency;
			target = 915083591EBC4D1D000E1AC9 /* gitTest */;
			targetProxy = 9150837A1EBC4D1D000E1AC9 /* PBXContainerItemProxy */;
		};
/* End PBXTargetDependency section */

/* Begin PBXVariantGroup section */
		915083611EBC4D1D000E1AC9 /* Main.storyboard */ = {
			isa = PBXVariantGroup;
			children = (
				915083621EBC4D1D000E1AC9 /* Base */,
			);
			name = Main.storyboard;
			sourceTree = "<group>";
		};
		915083661EBC4D1D000E1AC9 /* LaunchScreen.storyboard */ = {
			isa = PBXVariantGroup;
			children = (
				915083671EBC4D1D000E1AC9 /* Base */,
			);
			name = LaunchScreen.storyboard;
			sourceTree = "<group>";
		};
/* End PBXVariantGroup section */

/* Begin XCBuildConfiguration section */
		915083801EBC4D1D000E1AC9 /* Debug */ = {
			isa = XCBuildConfiguration;
			buildSettings = {
				ALWAYS_SEARCH_USER_PATHS = NO;
				CLANG_ANALYZER_NONNULL = YES;
				CLANG_ANALYZER_NUMBER_OBJECT_CONVERSION = YES_AGGRESSIVE;
				CLANG_CXX_LANGUAGE_STANDARD = "gnu++0x";
				CLANG_CXX_LIBRARY = "libc++";
				CLANG_ENABLE_MODULES = YES;
				CLANG_ENABLE_OBJC_ARC = YES;
				CLANG_WARN_BOOL_CONVERSION = YES;
				CLANG_WARN_CONSTANT_CONVERSION = YES;
				CLANG_WARN_DIRECT_OBJC_ISA_USAGE = YES_ERROR;
				CLANG_WARN_DOCUMENTATION_COMMENTS = YES;
				CLANG_WARN_EMPTY_BODY = YES;
				CLANG_WARN_ENUM_CONVERSION = YES;
				CLANG_WARN_INFINITE_RECURSION = YES;
				CLANG_WARN_INT_CONVERSION = YES;
				CLANG_WARN_OBJC_ROOT_CLASS = YES_ERROR;
				CLANG_WARN_SUSPICIOUS_MOVE = YES;
				CLANG_WARN_UNREACHABLE_CODE = YES;
				CLANG_WARN__DUPLICATE_METHOD_MATCH = YES;
				"CODE_SIGN_IDENTITY[sdk=iphoneos*]" = "iPhone Developer";
				COPY_PHASE_STRIP = NO;
				DEBUG_INFORMATION_FORMAT = dwarf;
				ENABLE_STRICT_OBJC_MSGSEND = YES;
				ENABLE_TESTABILITY = YES;
				GCC_C_LANGUAGE_STANDARD = gnu99;
				GCC_DYNAMIC_NO_PIC = NO;
				GCC_NO_COMMON_BLOCKS = YES;
				GCC_OPTIMIZATION_LEVEL = 0;
				GCC_PREPROCESSOR_DEFINITIONS = (
					"DEBUG=1",
					"$(inherited)",
				);
				GCC_WARN_64_TO_32_BIT_CONVERSION = YES;
				GCC_WARN_ABOUT_RETURN_TYPE = YES_ERROR;
				GCC_WARN_UNDECLARED_SELECTOR = YES;
				GCC_WARN_UNINITIALIZED_AUTOS = YES_AGGRESSIVE;
				GCC_WARN_UNUSED_FUNCTION = YES;
				GCC_WARN_UNUSED_VARIABLE = YES;
				IPHONEOS_DEPLOYMENT_TARGET = 10.3;
				MTL_ENABLE_DEBUG_INFO = YES;
				ONLY_ACTIVE_ARCH = YES;
				SDKROOT = iphoneos;
				SWIFT_ACTIVE_COMPILATION_CONDITIONS = DEBUG;
				SWIFT_OPTIMIZATION_LEVEL = "-Onone";
				TARGETED_DEVICE_FAMILY = "1,2";
			};
			name = Debug;
		};
		915083811EBC4D1D000E1AC9 /* Release */ = {
			isa = XCBuildConfiguration;
			buildSettings = {
				ALWAYS_SEARCH_USER_PATHS = NO;
				CLANG_ANALYZER_NONNULL = YES;
				CLANG_ANALYZER_NUMBER_OBJECT_CONVERSION = YES_AGGRESSIVE;
				CLANG_CXX_LANGUAGE_STANDARD = "gnu++0x";
				CLANG_CXX_LIBRARY = "libc++";
				CLANG_ENABLE_MODULES = YES;
				CLANG_ENABLE_OBJC_ARC = YES;
				CLANG_WARN_BOOL_CONVERSION = YES;
				CLANG_WARN_CONSTANT_CONVERSION = YES;
				CLANG_WARN_DIRECT_OBJC_ISA_USAGE = YES_ERROR;
				CLANG_WARN_DOCUMENTATION_COMMENTS = YES;
				CLANG_WARN_EMPTY_BODY = YES;
				CLANG_WARN_ENUM_CONVERSION = YES;
				CLANG_WARN_INFINITE_RECURSION = YES;
				CLANG_WARN_INT_CONVERSION = YES;
				CLANG_WARN_OBJC_ROOT_CLASS = YES_ERROR;
				CLANG_WARN_SUSPICIOUS_MOVE = YES;
				CLANG_WARN_UNREACHABLE_CODE = YES;
				CLANG_WARN__DUPLICATE_METHOD_MATCH = YES;
				"CODE_SIGN_IDENTITY[sdk=iphoneos*]" = "iPhone Developer";
				COPY_PHASE_STRIP = NO;
				DEBUG_INFORMATION_FORMAT = "dwarf-with-dsym";
				ENABLE_NS_ASSERTIONS = NO;
				ENABLE_STRICT_OBJC_MSGSEND = YES;
				GCC_C_LANGUAGE_STANDARD = gnu99;
				GCC_NO_COMMON_BLOCKS = YES;
				GCC_WARN_64_TO_32_BIT_CONVERSION = YES;
				GCC_WARN_ABOUT_RETURN_TYPE = YES_ERROR;
				GCC_WARN_UNDECLARED_SELECTOR = YES;
				GCC_WARN_UNINITIALIZED_AUTOS = YES_AGGRESSIVE;
				GCC_WARN_UNUSED_FUNCTION = YES;
				GCC_WARN_UNUSED_VARIABLE = YES;
				IPHONEOS_DEPLOYMENT_TARGET = 10.3;
				MTL_ENABLE_DEBUG_INFO = NO;
				SDKROOT = iphoneos;
				SWIFT_OPTIMIZATION_LEVEL = "-Owholemodule";
				TARGETED_DEVICE_FAMILY = "1,2";
				VALIDATE_PRODUCT = YES;
			};
			name = Release;
		};
		915083831EBC4D1D000E1AC9 /* Debug */ = {
			isa = XCBuildConfiguration;
			buildSettings = {
				ASSETCATALOG_COMPILER_APPICON_NAME = AppIcon;
				DEVELOPMENT_TEAM = 29QX9KA693;
				INFOPLIST_FILE = gitTest/Info.plist;
				LD_RUNPATH_SEARCH_PATHS = "$(inherited) @executable_path/Frameworks";
				PRODUCT_BUNDLE_IDENTIFIER = mobileMagic.gitTest;
				PRODUCT_NAME = "$(TARGET_NAME)";
				SWIFT_VERSION = 3.0;
			};
			name = Debug;
		};
		915083841EBC4D1D000E1AC9 /* Release */ = {
			isa = XCBuildConfiguration;
			buildSettings = {
				ASSETCATALOG_COMPILER_APPICON_NAME = AppIcon;
				DEVELOPMENT_TEAM = 29QX9KA693;
				INFOPLIST_FILE = gitTest/Info.plist;
				LD_RUNPATH_SEARCH_PATHS = "$(inherited) @executable_path/Frameworks";
				PRODUCT_BUNDLE_IDENTIFIER = mobileMagic.gitTest;
				PRODUCT_NAME = "$(TARGET_NAME)";
				SWIFT_VERSION = 3.0;
			};
			name = Release;
		};
		915083861EBC4D1D000E1AC9 /* Debug */ = {
			isa = XCBuildConfiguration;
			buildSettings = {
				ALWAYS_EMBED_SWIFT_STANDARD_LIBRARIES = YES;
				BUNDLE_LOADER = "$(TEST_HOST)";
				DEVELOPMENT_TEAM = 29QX9KA693;
				INFOPLIST_FILE = gitTestTests/Info.plist;
				LD_RUNPATH_SEARCH_PATHS = "$(inherited) @executable_path/Frameworks @loader_path/Frameworks";
				PRODUCT_BUNDLE_IDENTIFIER = mobileMagic.gitTestTests;
				PRODUCT_NAME = "$(TARGET_NAME)";
				SWIFT_VERSION = 3.0;
				TEST_HOST = "$(BUILT_PRODUCTS_DIR)/gitTest.app/gitTest";
			};
			name = Debug;
		};
		915083871EBC4D1D000E1AC9 /* Release */ = {
			isa = XCBuildConfiguration;
			buildSettings = {
				ALWAYS_EMBED_SWIFT_STANDARD_LIBRARIES = YES;
				BUNDLE_LOADER = "$(TEST_HOST)";
				DEVELOPMENT_TEAM = 29QX9KA693;
				INFOPLIST_FILE = gitTestTests/Info.plist;
				LD_RUNPATH_SEARCH_PATHS = "$(inherited) @executable_path/Frameworks @loader_path/Frameworks";
				PRODUCT_BUNDLE_IDENTIFIER = mobileMagic.gitTestTests;
				PRODUCT_NAME = "$(TARGET_NAME)";
				SWIFT_VERSION = 3.0;
				TEST_HOST = "$(BUILT_PRODUCTS_DIR)/gitTest.app/gitTest";
			};
			name = Release;
		};
		915083891EBC4D1D000E1AC9 /* Debug */ = {
			isa = XCBuildConfiguration;
			buildSettings = {
				ALWAYS_EMBED_SWIFT_STANDARD_LIBRARIES = YES;
				DEVELOPMENT_TEAM = 29QX9KA693;
				INFOPLIST_FILE = gitTestUITests/Info.plist;
				LD_RUNPATH_SEARCH_PATHS = "$(inherited) @executable_path/Frameworks @loader_path/Frameworks";
				PRODUCT_BUNDLE_IDENTIFIER = mobileMagic.gitTestUITests;
				PRODUCT_NAME = "$(TARGET_NAME)";
				SWIFT_VERSION = 3.0;
				TEST_TARGET_NAME = gitTest;
			};
			name = Debug;
		};
		9150838A1EBC4D1D000E1AC9 /* Release */ = {
			isa = XCBuildConfiguration;
			buildSettings = {
				ALWAYS_EMBED_SWIFT_STANDARD_LIBRARIES = YES;
				DEVELOPMENT_TEAM = 29QX9KA693;
				INFOPLIST_FILE = gitTestUITests/Info.plist;
				LD_RUNPATH_SEARCH_PATHS = "$(inherited) @executable_path/Frameworks @loader_path/Frameworks";
				PRODUCT_BUNDLE_IDENTIFIER = mobileMagic.gitTestUITests;
				PRODUCT_NAME = "$(TARGET_NAME)";
				SWIFT_VERSION = 3.0;
				TEST_TARGET_NAME = gitTest;
			};
			name = Release;
		};
/* End XCBuildConfiguration section */

/* Begin XCConfigurationList section */
		915083551EBC4D1D000E1AC9 /* Build configuration list for PBXProject "gitTest" */ = {
			isa = XCConfigurationList;
			buildConfigurations = (
				915083801EBC4D1D000E1AC9 /* Debug */,
				915083811EBC4D1D000E1AC9 /* Release */,
			);
			defaultConfigurationIsVisible = 0;
			defaultConfigurationName = Release;
		};
		915083821EBC4D1D000E1AC9 /* Build configuration list for PBXNativeTarget "gitTest" */ = {
			isa = XCConfigurationList;
			buildConfigurations = (
				915083831EBC4D1D000E1AC9 /* Debug */,
				915083841EBC4D1D000E1AC9 /* Release */,
			);
			defaultConfigurationIsVisible = 0;
		};
		915083851EBC4D1D000E1AC9 /* Build configuration list for PBXNativeTarget "gitTestTests" */ = {
			isa = XCConfigurationList;
			buildConfigurations = (
				915083861EBC4D1D000E1AC9 /* Debug */,
				915083871EBC4D1D000E1AC9 /* Release */,
			);
			defaultConfigurationIsVisible = 0;
		};
		915083881EBC4D1D000E1AC9 /* Build configuration list for PBXNativeTarget "gitTestUITests" */ = {
			isa = XCConfigurationList;
			buildConfigurations = (
				915083891EBC4D1D000E1AC9 /* Debug */,
				9150838A1EBC4D1D000E1AC9 /* Release */,
			);
			defaultConfigurationIsVisible = 0;
		};
/* End XCConfigurationList section */
	};
	rootObject = 915083521EBC4D1D000E1AC9 /* Project object */;
}
